
Microsoft Visual Studio Solution File, Format Version 12.00
# Visual Studio 15
VisualStudioVersion = 15.0.28307.136
MinimumVisualStudioVersion = 10.0.40219.1
Project("{FAE04EC0-301F-11D3-BF4B-00C04F79EFBC}") = "AssemblyDependencyTester", "AssemblyDependencyTester\AssemblyDependencyTester.csproj", "{E018EE2A-053A-42CA-9F28-B91867A2C815}"
	ProjectSection(ProjectDependencies) = postProject
		{330E9F19-BE49-438C-925F-586C78C4CCC0} = {330E9F19-BE49-438C-925F-586C78C4CCC0}
		{496E7465-8CE3-4AFC-98A3-EDA5482777F2} = {496E7465-8CE3-4AFC-98A3-EDA5482777F2}
		{D26CD7B8-3F07-4055-9883-F1AA964D8B33} = {D26CD7B8-3F07-4055-9883-F1AA964D8B33}
	EndProjectSection
EndProject
Project("{FAE04EC0-301F-11D3-BF4B-00C04F79EFBC}") = "MainClassLibrary", "MainClassLibrary\MainClassLibrary.csproj", "{D26CD7B8-3F07-4055-9883-F1AA964D8B33}"
EndProject
Project("{FAE04EC0-301F-11D3-BF4B-00C04F79EFBC}") = "CommonClassLibrary", "CommonClassLibrary\CommonClassLibrary.csproj", "{496E7465-8CE3-4AFC-98A3-EDA5482777F2}"
EndProject
Project("{FAE04EC0-301F-11D3-BF4B-00C04F79EFBC}") = "ModuleClassLibrary", "ModuleClassLibrary\ModuleClassLibrary.csproj", "{330E9F19-BE49-438C-925F-586C78C4CCC0}"
EndProject
Project("{FAE04EC0-301F-11D3-BF4B-00C04F79EFBC}") = "CommonModule", "CommonModule\CommonModule.csproj", "{A547733D-563E-4CCC-8050-5518F08F4308}"
EndProject
Global
	GlobalSection(SolutionConfigurationPlatforms) = preSolution
		Debug|Any CPU = Debug|Any CPU
		Release|Any CPU = Release|Any CPU
	EndGlobalSection
	GlobalSection(ProjectConfigurationPlatforms) = postSolution
		{E018EE2A-053A-42CA-9F28-B91867A2C815}.Debug|Any CPU.ActiveCfg = Debug|Any CPU
		{E018EE2A-053A-42CA-9F28-B91867A2C815}.Debug|Any CPU.Build.0 = Debug|Any CPU
		{E018EE2A-053A-42CA-9F28-B91867A2C815}.Release|Any CPU.ActiveCfg = Release|Any CPU
		{E018EE2A-053A-42CA-9F28-B91867A2C815}.Release|Any CPU.Build.0 = Release|Any CPU
		{D26CD7B8-3F07-4055-9883-F1AA964D8B33}.Debug|Any CPU.ActiveCfg = Debug|Any CPU
		{D26CD7B8-3F07-4055-9883-F1AA964D8B33}.Debug|Any CPU.Build.0 = Debug|Any CPU
		{D26CD7B8-3F07-4055-9883-F1AA964D8B33}.Release|Any CPU.ActiveCfg = Release|Any CPU
		{D26CD7B8-3F07-4055-9883-F1AA964D8B33}.Release|Any CPU.Build.0 = Release|Any CPU
		{496E7465-8CE3-4AFC-98A3-EDA5482777F2}.Debug|Any CPU.ActiveCfg = Debug|Any CPU
		{496E7465-8CE3-4AFC-98A3-EDA5482777F2}.Debug|Any CPU.Build.0 = Debug|Any CPU
		{496E7465-8CE3-4AFC-98A3-EDA5482777F2}.Release|Any CPU.ActiveCfg = Release|Any CPU
		{496E7465-8CE3-4AFC-98A3-EDA5482777F2}.Release|Any CPU.Build.0 = Release|Any CPU
		{330E9F19-BE49-438C-925F-586C78C4CCC0}.Debug|Any CPU.ActiveCfg = Debug|Any CPU
		{330E9F19-BE49-438C-925F-586C78C4CCC0}.Debug|Any CPU.Build.0 = Debug|Any CPU
		{330E9F19-BE49-438C-925F-586C78C4CCC0}.Release|Any CPU.ActiveCfg = Release|Any CPU
		{330E9F19-BE49-438C-925F-586C78C4CCC0}.Release|Any CPU.Build.0 = Release|Any CPU
		{A547733D-563E-4CCC-8050-5518F08F4308}.Debug|Any CPU.ActiveCfg = Debug|Any CPU
		{A547733D-563E-4CCC-8050-5518F08F4308}.Debug|Any CPU.Build.0 = Debug|Any CPU
		{A547733D-563E-4CCC-8050-5518F08F4308}.Release|Any CPU.ActiveCfg = Release|Any CPU
		{A547733D-563E-4CCC-8050-5518F08F4308}.Release|Any CPU.Build.0 = Release|Any CPU
	EndGlobalSection
	GlobalSection(SolutionProperties) = preSolution
		HideSolutionNode = FALSE
	EndGlobalSection
	GlobalSection(ExtensibilityGlobals) = postSolution
		SolutionGuid = {518F3C08-D2D2-4828-893B-91CABA513B2A}
	EndGlobalSection
EndGlobal
